<?xml version="1.0" encoding="utf-8"?>
<Project ToolsVersion="4.0" xmlns="http://schemas.microsoft.com/developer/msbuild/2003">
  <ItemGroup>
    <Filter Include="Header Files">
      <UniqueIdentifier>{0e729eab-3ca9-4275-8244-5d1aedb64abe}</UniqueIdentifier>
    </Filter>
    <Filter Include="MotoPlus Libraries">
      <UniqueIdentifier>{8f8d30ba-bad7-48ff-b819-7ceec850f6d4}</UniqueIdentifier>
    </Filter>
    <Filter Include="Source Files">
      <UniqueIdentifier>{3446febc-50b6-4059-8178-85e80d99733c}</UniqueIdentifier>
    </Filter>
  </ItemGroup>
  <ItemGroup>
    <ClCompile Include="mpMain.c">
      <Filter>Source Files</Filter>
    </ClCompile>
    <ClCompile Include="funclib.c">
      <Filter>Source Files</Filter>
    </ClCompile>
  </ItemGroup>
</Project>